{
  "name": "lowdb-exp",
  "version": "1.0.0",
  "lockfileVersion": 2,
  "requires": true,
  "packages": {
    "": {
      "name": "lowdb-exp",
      "version": "1.0.0",
      "license": "ISC",
      "dependencies": {
        "html2json": "^1.0.2",
        "lowdb": "^5.0.5"
      }
    },
    "node_modules/html2json": {
      "version": "1.0.2",
      "resolved": "https://registry.npmjs.org/html2json/-/html2json-1.0.2.tgz",
      "integrity": "sha512-tCdVt82U+/D1GCXFIoN5VfCzx767065EZJ5B8nStQUGSXU9PQ4L/0kFvF2of3Qsoe9HGaJni+lxOkqakfw0zpA=="
    },
    "node_modules/lowdb": {
      "version": "5.0.5",
      "resolved": "https://registry.npmjs.org/lowdb/-/lowdb-5.0.5.tgz",
      "integrity": "sha512-7EWKmIMhNKA8TXFhL8t0p6N2LC53l3ZqsWQGSksGhhjrcms9rbKlyrAh2PzSGK5v0KPJ2W5VItBnC3NDRzOnzQ==",
      "dependencies": {
        "steno": "^3.0.0"
      },
      "engines": {
        "node": ">=14.16"
      },
      "funding": {
        "url": "https://github.com/sponsors/typicode"
      }
    },
    "node_modules/steno": {
      "version": "3.0.0",
      "resolved": "https://registry.npmjs.org/steno/-/steno-3.0.0.tgz",
      "integrity": "sha512-uZtn7Ht9yXLiYgOsmo8btj4+f7VxyYheMt8g6F1ANjyqByQXEE2Gygjgenp3otHH1TlHsS4JAaRGv5wJ1wvMNw==",
      "engines": {
        "node": ">=14.16"
      },
      "funding": {
        "url": "https://github.com/sponsors/typicode"
      }
    }
  },
  "dependencies": {
    "html2json": {
      "version": "1.0.2",
      "resolved": "https://registry.npmjs.org/html2json/-/html2json-1.0.2.tgz",
      "integrity": "sha512-tCdVt82U+/D1GCXFIoN5VfCzx767065EZJ5B8nStQUGSXU9PQ4L/0kFvF2of3Qsoe9HGaJni+lxOkqakfw0zpA=="
    },
    "lowdb": {
      "version": "5.0.5",
      "resolved": "https://registry.npmjs.org/lowdb/-/lowdb-5.0.5.tgz",
      "integrity": "sha512-7EWKmIMhNKA8TXFhL8t0p6N2LC53l3ZqsWQGSksGhhjrcms9rbKlyrAh2PzSGK5v0KPJ2W5VItBnC3NDRzOnzQ==",
      "requires": {
        "steno": "^3.0.0"
      }
    },
    "steno": {
      "version": "3.0.0",
      "resolved": "https://registry.npmjs.org/steno/-/steno-3.0.0.tgz",
      "integrity": "sha512-uZtn7Ht9yXLiYgOsmo8btj4+f7VxyYheMt8g6F1ANjyqByQXEE2Gygjgenp3otHH1TlHsS4JAaRGv5wJ1wvMNw=="
    }
  }
}
